
Microsoft Visual Studio Solution File, Format Version 12.00
# Visual Studio 15
VisualStudioVersion = 15.0.27130.2010
MinimumVisualStudioVersion = 10.0.40219.1
Project("{9A19103F-16F7-4668-BE54-9A1E7A4F7556}") = "rasterQ", "rasterQ\rasterQ.csproj", "{A98724A7-BB51-48F1-ACE5-25DD3C2447FE}"
EndProject
Global
	GlobalSection(SolutionConfigurationPlatforms) = preSolution
		Debug|Any CPU = Debug|Any CPU
		Release|Any CPU = Release|Any CPU
	EndGlobalSection
	GlobalSection(ProjectConfigurationPlatforms) = postSolution
		{A98724A7-BB51-48F1-ACE5-25DD3C2447FE}.Debug|Any CPU.ActiveCfg = Debug|Any CPU
		{A98724A7-BB51-48F1-ACE5-25DD3C2447FE}.Debug|Any CPU.Build.0 = Debug|Any CPU
		{A98724A7-BB51-48F1-ACE5-25DD3C2447FE}.Release|Any CPU.ActiveCfg = Release|Any CPU
		{A98724A7-BB51-48F1-ACE5-25DD3C2447FE}.Release|Any CPU.Build.0 = Release|Any CPU
	EndGlobalSection
	GlobalSection(SolutionProperties) = preSolution
		HideSolutionNode = FALSE
	EndGlobalSection
	GlobalSection(ExtensibilityGlobals) = postSolution
		SolutionGuid = {A7F0D194-D66B-4FE8-A8A9-B141BB339AF6}
	EndGlobalSection
EndGlobal
